
Microsoft Visual Studio Solution File, Format Version 12.00
# Visual Studio Version 16
VisualStudioVersion = 16.0.29519.181
MinimumVisualStudioVersion = 10.0.40219.1
Project("{FAE04EC0-301F-11D3-BF4B-00C04F79EFBC}") = "LHC_CallerCLI", "LHC_CallerCLI\LHC_CallerCLI.csproj", "{DC33228A-55D9-476D-95E3-EF8B6B236DC8}"
EndProject
Global
	GlobalSection(SolutionConfigurationPlatforms) = preSolution
		Debug|Any CPU = Debug|Any CPU
		Release|Any CPU = Release|Any CPU
	EndGlobalSection
	GlobalSection(ProjectConfigurationPlatforms) = postSolution
		{DC33228A-55D9-476D-95E3-EF8B6B236DC8}.Debug|Any CPU.ActiveCfg = Debug|Any CPU
		{DC33228A-55D9-476D-95E3-EF8B6B236DC8}.Debug|Any CPU.Build.0 = Debug|Any CPU
		{DC33228A-55D9-476D-95E3-EF8B6B236DC8}.Release|Any CPU.ActiveCfg = Release|Any CPU
		{DC33228A-55D9-476D-95E3-EF8B6B236DC8}.Release|Any CPU.Build.0 = Release|Any CPU
	EndGlobalSection
	GlobalSection(SolutionProperties) = preSolution
		HideSolutionNode = FALSE
	EndGlobalSection
	GlobalSection(ExtensibilityGlobals) = postSolution
		SolutionGuid = {1792F16F-EE20-4654-8825-F0BD43686E86}
	EndGlobalSection
EndGlobal
